
Microsoft Visual Studio Solution File, Format Version 12.00
# Visual Studio Version 17
VisualStudioVersion = 17.3.32819.101
MinimumVisualStudioVersion = 10.0.40219.1
Project("{FAE04EC0-301F-11D3-BF4B-00C04F79EFBC}") = "GUI", "WindowsFormsApp1\GUI.csproj", "{21D19F25-AFED-47C5-B7FB-F2BA441210D7}"
EndProject
Project("{FAE04EC0-301F-11D3-BF4B-00C04F79EFBC}") = "BUS", "BUS\BUS.csproj", "{EDB9A250-B9B7-44CB-8CD6-1D0F697864F1}"
EndProject
Project("{FAE04EC0-301F-11D3-BF4B-00C04F79EFBC}") = "DAO", "DAO\DAO.csproj", "{C13AA3BB-C9C4-4FA8-9124-B90B3119F486}"
EndProject
Project("{FAE04EC0-301F-11D3-BF4B-00C04F79EFBC}") = "DTO", "DTO\DTO.csproj", "{417171A3-C1C3-4FF1-8478-816AF0369DE0}"
EndProject
Global
	GlobalSection(SolutionConfigurationPlatforms) = preSolution
		Debug|Any CPU = Debug|Any CPU
		Release|Any CPU = Release|Any CPU
	EndGlobalSection
	GlobalSection(ProjectConfigurationPlatforms) = postSolution
		{21D19F25-AFED-47C5-B7FB-F2BA441210D7}.Debug|Any CPU.ActiveCfg = Debug|Any CPU
		{21D19F25-AFED-47C5-B7FB-F2BA441210D7}.Debug|Any CPU.Build.0 = Debug|Any CPU
		{21D19F25-AFED-47C5-B7FB-F2BA441210D7}.Release|Any CPU.ActiveCfg = Release|Any CPU
		{21D19F25-AFED-47C5-B7FB-F2BA441210D7}.Release|Any CPU.Build.0 = Release|Any CPU
		{EDB9A250-B9B7-44CB-8CD6-1D0F697864F1}.Debug|Any CPU.ActiveCfg = Debug|Any CPU
		{EDB9A250-B9B7-44CB-8CD6-1D0F697864F1}.Debug|Any CPU.Build.0 = Debug|Any CPU
		{EDB9A250-B9B7-44CB-8CD6-1D0F697864F1}.Release|Any CPU.ActiveCfg = Release|Any CPU
		{EDB9A250-B9B7-44CB-8CD6-1D0F697864F1}.Release|Any CPU.Build.0 = Release|Any CPU
		{C13AA3BB-C9C4-4FA8-9124-B90B3119F486}.Debug|Any CPU.ActiveCfg = Debug|Any CPU
		{C13AA3BB-C9C4-4FA8-9124-B90B3119F486}.Debug|Any CPU.Build.0 = Debug|Any CPU
		{C13AA3BB-C9C4-4FA8-9124-B90B3119F486}.Release|Any CPU.ActiveCfg = Release|Any CPU
		{C13AA3BB-C9C4-4FA8-9124-B90B3119F486}.Release|Any CPU.Build.0 = Release|Any CPU
		{417171A3-C1C3-4FF1-8478-816AF0369DE0}.Debug|Any CPU.ActiveCfg = Debug|Any CPU
		{417171A3-C1C3-4FF1-8478-816AF0369DE0}.Debug|Any CPU.Build.0 = Debug|Any CPU
		{417171A3-C1C3-4FF1-8478-816AF0369DE0}.Release|Any CPU.ActiveCfg = Release|Any CPU
		{417171A3-C1C3-4FF1-8478-816AF0369DE0}.Release|Any CPU.Build.0 = Release|Any CPU
	EndGlobalSection
	GlobalSection(SolutionProperties) = preSolution
		HideSolutionNode = FALSE
	EndGlobalSection
	GlobalSection(ExtensibilityGlobals) = postSolution
		SolutionGuid = {B0E72D2E-C8BB-403E-B759-35E6CD7B29BB}
	EndGlobalSection
EndGlobal
